
Microsoft Visual Studio Solution File, Format Version 12.00
# Visual Studio Version 16
VisualStudioVersion = 16.0.30621.155
MinimumVisualStudioVersion = 10.0.40219.1
Project("{FAE04EC0-301F-11D3-BF4B-00C04F79EFBC}") = "NewDecorator", "NewDecorator\NewDecorator.csproj", "{10D319A5-0A2D-438F-B281-3482279ED764}"
EndProject
Global
	GlobalSection(SolutionConfigurationPlatforms) = preSolution
		Debug|Any CPU = Debug|Any CPU
		Release|Any CPU = Release|Any CPU
	EndGlobalSection
	GlobalSection(ProjectConfigurationPlatforms) = postSolution
		{10D319A5-0A2D-438F-B281-3482279ED764}.Debug|Any CPU.ActiveCfg = Debug|Any CPU
		{10D319A5-0A2D-438F-B281-3482279ED764}.Debug|Any CPU.Build.0 = Debug|Any CPU
		{10D319A5-0A2D-438F-B281-3482279ED764}.Release|Any CPU.ActiveCfg = Release|Any CPU
		{10D319A5-0A2D-438F-B281-3482279ED764}.Release|Any CPU.Build.0 = Release|Any CPU
	EndGlobalSection
	GlobalSection(SolutionProperties) = preSolution
		HideSolutionNode = FALSE
	EndGlobalSection
	GlobalSection(ExtensibilityGlobals) = postSolution
		SolutionGuid = {438CBC55-BF9D-4618-8C1C-FBD95E296A10}
	EndGlobalSection
EndGlobal
